// !$*UTF8*$!
{
	archiveVersion = 1;
	classes = {
	};
	objectVersion = 56;
	objects = {

/* Begin PBXBuildFile section */
		35D8386D05967D13689D18ED /* Pods_BudgetBuddy.framework in Frameworks */ = {isa = PBXBuildFile; fileRef = 5131B7C75160E20C1EFDE913 /* Pods_BudgetBuddy.framework */; };
		A60BF1942B19A06C00AE0B78 /* AppDelegate.swift in Sources */ = {isa = PBXBuildFile; fileRef = A60BF1932B19A06C00AE0B78 /* AppDelegate.swift */; };
		A60BF1962B19A06C00AE0B78 /* SceneDelegate.swift in Sources */ = {isa = PBXBuildFile; fileRef = A60BF1952B19A06C00AE0B78 /* SceneDelegate.swift */; };
		A60BF19B2B19A06C00AE0B78 /* Main.storyboard in Resources */ = {isa = PBXBuildFile; fileRef = A60BF1992B19A06C00AE0B78 /* Main.storyboard */; };
		A60BF19D2B19A06F00AE0B78 /* Assets.xcassets in Resources */ = {isa = PBXBuildFile; fileRef = A60BF19C2B19A06F00AE0B78 /* Assets.xcassets */; };
		A60BF1A02B19A06F00AE0B78 /* LaunchScreen.storyboard in Resources */ = {isa = PBXBuildFile; fileRef = A60BF19E2B19A06F00AE0B78 /* LaunchScreen.storyboard */; };
		A60BF1AD2B19A18200AE0B78 /* Transaction.swift in Sources */ = {isa = PBXBuildFile; fileRef = A60BF1AC2B19A18200AE0B78 /* Transaction.swift */; };
		A60BF1B12B19CA7500AE0B78 /* MainTabBarController.swift in Sources */ = {isa = PBXBuildFile; fileRef = A60BF1B02B19CA7500AE0B78 /* MainTabBarController.swift */; };
		A60BF1B32B19CC9200AE0B78 /* DashboardViewController.swift in Sources */ = {isa = PBXBuildFile; fileRef = A60BF1B22B19CC9200AE0B78 /* DashboardViewController.swift */; };
		A60BF1B52B19CEFD00AE0B78 /* MonthlyViewController.swift in Sources */ = {isa = PBXBuildFile; fileRef = A60BF1B42B19CEFD00AE0B78 /* MonthlyViewController.swift */; };
		A60BF1B72B19CF3100AE0B78 /* Goal.swift in Sources */ = {isa = PBXBuildFile; fileRef = A60BF1B62B19CF3100AE0B78 /* Goal.swift */; };
		A60BF1B92B1B7AED00AE0B78 /* Category.swift in Sources */ = {isa = PBXBuildFile; fileRef = A60BF1B82B1B7AED00AE0B78 /* Category.swift */; };
		A60E95A22BE9E16800711820 /* SettingsViewController.swift in Sources */ = {isa = PBXBuildFile; fileRef = A60E95A12BE9E16800711820 /* SettingsViewController.swift */; };
		A60E95A42BEB371600711820 /* SelectTargetMonthView.swift in Sources */ = {isa = PBXBuildFile; fileRef = A60E95A32BEB371600711820 /* SelectTargetMonthView.swift */; };
		A60E95A62BEE05A600711820 /* DeleteGoalView.swift in Sources */ = {isa = PBXBuildFile; fileRef = A60E95A52BEE05A600711820 /* DeleteGoalView.swift */; };
		A6167CD42C26F03A0099EFA7 /* HamburgerMenuViewController.swift in Sources */ = {isa = PBXBuildFile; fileRef = A6167CD32C26F03A0099EFA7 /* HamburgerMenuViewController.swift */; };
		A61984CB2B1EA28800A05A69 /* CategoryDao.swift in Sources */ = {isa = PBXBuildFile; fileRef = A61984CA2B1EA28800A05A69 /* CategoryDao.swift */; };
		A61984CD2B1EA30600A05A69 /* GoalDao.swift in Sources */ = {isa = PBXBuildFile; fileRef = A61984CC2B1EA30600A05A69 /* GoalDao.swift */; };
		A6198DDB2B5AD79C00B400BA /* HCollectionPickerViewCell.swift in Sources */ = {isa = PBXBuildFile; fileRef = A6198DDA2B5AD79C00B400BA /* HCollectionPickerViewCell.swift */; };
		A61F85CD2BBE1B8A00C43531 /* TransferLog.swift in Sources */ = {isa = PBXBuildFile; fileRef = A61F85CC2BBE1B8A00C43531 /* TransferLog.swift */; };
		A62B99852BFE2C650018A12C /* GoalsView.swift in Sources */ = {isa = PBXBuildFile; fileRef = A62B99842BFE2C650018A12C /* GoalsView.swift */; };
		A62B99872BFF07090018A12C /* TotalDetailView.swift in Sources */ = {isa = PBXBuildFile; fileRef = A62B99862BFF07090018A12C /* TotalDetailView.swift */; };
		A62B998B2BFF34000018A12C /* TotalTransactionTableCell.swift in Sources */ = {isa = PBXBuildFile; fileRef = A62B998A2BFF34000018A12C /* TotalTransactionTableCell.swift */; };
		A62B998E2BFF36170018A12C /* BreakdownEditorView.swift in Sources */ = {isa = PBXBuildFile; fileRef = A62B998D2BFF36170018A12C /* BreakdownEditorView.swift */; };
		A62B99912C00BED40018A12C /* TransferLogsDetailView.swift in Sources */ = {isa = PBXBuildFile; fileRef = A62B99902C00BED40018A12C /* TransferLogsDetailView.swift */; };
		A62B99972C00CAAE0018A12C /* TransferLogsTableSectionHeader.swift in Sources */ = {isa = PBXBuildFile; fileRef = A62B99962C00CAAE0018A12C /* TransferLogsTableSectionHeader.swift */; };
		A62B99992C00D0810018A12C /* TransferLogTableCell.swift in Sources */ = {isa = PBXBuildFile; fileRef = A62B99982C00D0810018A12C /* TransferLogTableCell.swift */; };
		A62B999B2C01CBC50018A12C /* OtherGoalItemCell.swift in Sources */ = {isa = PBXBuildFile; fileRef = A62B999A2C01CBC50018A12C /* OtherGoalItemCell.swift */; };
		A643F2722B35196000FA453D /* Localizable.strings in Resources */ = {isa = PBXBuildFile; fileRef = A643F2742B35196000FA453D /* Localizable.strings */; };
		A643F27A2B355AFA00FA453D /* LanguageSelectionViewController.swift in Sources */ = {isa = PBXBuildFile; fileRef = A643F2792B355AFA00FA453D /* LanguageSelectionViewController.swift */; };
		A643F2822B35747900FA453D /* Extensions.swift in Sources */ = {isa = PBXBuildFile; fileRef = A643F2812B35747900FA453D /* Extensions.swift */; };
		A643F2852B3674BC00FA453D /* MonthlyDefaultManagementAmountViewController.swift in Sources */ = {isa = PBXBuildFile; fileRef = A643F2842B3674BB00FA453D /* MonthlyDefaultManagementAmountViewController.swift */; };
		A6460F052B936AFA002B07A1 /* UpdateCommon.swift in Sources */ = {isa = PBXBuildFile; fileRef = A6460F042B936AFA002B07A1 /* UpdateCommon.swift */; };
		A6487BB42B5183F400CAF47B /* MyUI.swift in Sources */ = {isa = PBXBuildFile; fileRef = A6487BB32B5183F400CAF47B /* MyUI.swift */; };
		A6487BB72B51846300CAF47B /* MyProgressBar.swift in Sources */ = {isa = PBXBuildFile; fileRef = A6487BB62B51846300CAF47B /* MyProgressBar.swift */; };
		A67004432B1C6A1400EC50A4 /* MonthYearPickerTextField.swift in Sources */ = {isa = PBXBuildFile; fileRef = A67004422B1C6A1400EC50A4 /* MonthYearPickerTextField.swift */; };
		A67004472B1C6A6800EC50A4 /* MonthYearPicker.swift in Sources */ = {isa = PBXBuildFile; fileRef = A67004462B1C6A6800EC50A4 /* MonthYearPicker.swift */; };
		A670044B2B1CA23300EC50A4 /* CategoryPickerTextField.swift in Sources */ = {isa = PBXBuildFile; fileRef = A670044A2B1CA23300EC50A4 /* CategoryPickerTextField.swift */; };
		A670044E2B1E0DEE00EC50A4 /* PlusOrMinusSwitch.swift in Sources */ = {isa = PBXBuildFile; fileRef = A670044D2B1E0DED00EC50A4 /* PlusOrMinusSwitch.swift */; };
		A673CED62BF9CA2F001E5679 /* UIColor+CustomColors.swift in Sources */ = {isa = PBXBuildFile; fileRef = A673CED52BF9CA2F001E5679 /* UIColor+CustomColors.swift */; };
		A673CEDA2BF9EE8C001E5679 /* IconTableCell.swift in Sources */ = {isa = PBXBuildFile; fileRef = A673CED92BF9EE8C001E5679 /* IconTableCell.swift */; };
		A6752FFA2B5807B600670CA5 /* CreateTransferLogViewController.swift in Sources */ = {isa = PBXBuildFile; fileRef = A6752FF92B5807B600670CA5 /* CreateTransferLogViewController.swift */; };
		A683234C2B1FE48D003D2F2E /* GoalDetailViewController.swift in Sources */ = {isa = PBXBuildFile; fileRef = A683234B2B1FE48D003D2F2E /* GoalDetailViewController.swift */; };
		A683234E2B1FE95C003D2F2E /* TransactionTableViewCell.swift in Sources */ = {isa = PBXBuildFile; fileRef = A683234D2B1FE95C003D2F2E /* TransactionTableViewCell.swift */; };
		A68C5DF52B8B80B400963FD1 /* RealmClassCommon.swift in Sources */ = {isa = PBXBuildFile; fileRef = A68C5DF42B8B80B400963FD1 /* RealmClassCommon.swift */; };
		A68C5DFD2B8DBFBC00963FD1 /* Formatter.swift in Sources */ = {isa = PBXBuildFile; fileRef = A68C5DFC2B8DBFBC00963FD1 /* Formatter.swift */; };
		A68C5E012B8E9E5E00963FD1 /* Breakdown.swift in Sources */ = {isa = PBXBuildFile; fileRef = A68C5E002B8E9E5E00963FD1 /* Breakdown.swift */; };
		A68C5E032B8EA01400963FD1 /* BreakdownDao.swift in Sources */ = {isa = PBXBuildFile; fileRef = A68C5E022B8EA01400963FD1 /* BreakdownDao.swift */; };
		A68C5E052B8EA74100963FD1 /* BreakdownTableCell.swift in Sources */ = {isa = PBXBuildFile; fileRef = A68C5E042B8EA74100963FD1 /* BreakdownTableCell.swift */; };
		A68DCFC32BA2825D0035AA23 /* CarryForwardCell.swift in Sources */ = {isa = PBXBuildFile; fileRef = A68DCFC22BA2825D0035AA23 /* CarryForwardCell.swift */; };
		A68E39A72BE0ED260018A505 /* TransferLogDao.swift in Sources */ = {isa = PBXBuildFile; fileRef = A68E39A62BE0ED260018A505 /* TransferLogDao.swift */; };
		A68E39A92BE213210018A505 /* CreateCategoryDialogView.swift in Sources */ = {isa = PBXBuildFile; fileRef = A68E39A82BE213210018A505 /* CreateCategoryDialogView.swift */; };
		A692B0D72C08586900620711 /* AlertCollectionCell.swift in Sources */ = {isa = PBXBuildFile; fileRef = A692B0D62C08586900620711 /* AlertCollectionCell.swift */; };
		A692B0DA2C08ADAE00620711 /* AlertAriaView.swift in Sources */ = {isa = PBXBuildFile; fileRef = A692B0D92C08ADAE00620711 /* AlertAriaView.swift */; };
		A692B0DC2C08B49D00620711 /* DataAriaView.swift in Sources */ = {isa = PBXBuildFile; fileRef = A692B0DB2C08B49D00620711 /* DataAriaView.swift */; };
		A692B0DE2C09912F00620711 /* SettingAriaView.swift in Sources */ = {isa = PBXBuildFile; fileRef = A692B0DD2C09912F00620711 /* SettingAriaView.swift */; };
		A692B0E02C09925D00620711 /* BackupAriaView.swift in Sources */ = {isa = PBXBuildFile; fileRef = A692B0DF2C09925D00620711 /* BackupAriaView.swift */; };
		A6A0D9322B37137F00395E51 /* CategorysSettingViewController.swift in Sources */ = {isa = PBXBuildFile; fileRef = A6A0D9312B37137F00395E51 /* CategorysSettingViewController.swift */; };
		A6A0D9342B3724D400395E51 /* CategorysSettingViewCell.swift in Sources */ = {isa = PBXBuildFile; fileRef = A6A0D9332B3724D300395E51 /* CategorysSettingViewCell.swift */; };
		A6B1D5D52B235AAA0076D3BF /* ShowAlerts.swift in Sources */ = {isa = PBXBuildFile; fileRef = A6B1D5D42B235AAA0076D3BF /* ShowAlerts.swift */; };
		A6B1D5D72B2498E70076D3BF /* DateFuncs.swift in Sources */ = {isa = PBXBuildFile; fileRef = A6B1D5D62B2498E70076D3BF /* DateFuncs.swift */; };
		A6B1D5D92B249DE80076D3BF /* AmountProcessings.swift in Sources */ = {isa = PBXBuildFile; fileRef = A6B1D5D82B249DE80076D3BF /* AmountProcessings.swift */; };
		A6CCFE3E2B22C6BF00A30A0D /* TransactionDao.swift in Sources */ = {isa = PBXBuildFile; fileRef = A6CCFE3D2B22C6BF00A30A0D /* TransactionDao.swift */; };
		A6D659272BA72C44008029DC /* back.jpg in Resources */ = {isa = PBXBuildFile; fileRef = A6D659262BA72C44008029DC /* back.jpg */; };
		A6D659292BAD5C39008029DC /* ShowInfoView.swift in Sources */ = {isa = PBXBuildFile; fileRef = A6D659282BAD5C39008029DC /* ShowInfoView.swift */; };
		A6DF96622B80F8EC00982144 /* GoalItemCell.swift in Sources */ = {isa = PBXBuildFile; fileRef = A6DF96612B80F8EC00982144 /* GoalItemCell.swift */; };
		A6DF96642B81976700982144 /* TransactionEditorViewController.swift in Sources */ = {isa = PBXBuildFile; fileRef = A6DF96632B81976700982144 /* TransactionEditorViewController.swift */; };
		A6DFB2C12B47B6DD001C167C /* KeyboardScrollView.swift in Sources */ = {isa = PBXBuildFile; fileRef = A6DFB2C02B47B6DD001C167C /* KeyboardScrollView.swift */; };
		A6E96F862B93317C001AD486 /* BankAccountViewController.swift in Sources */ = {isa = PBXBuildFile; fileRef = A6E96F852B93317C001AD486 /* BankAccountViewController.swift */; };
		A6ED251C2BEF859E002DE2DC /* SettingGoalViewController.swift in Sources */ = {isa = PBXBuildFile; fileRef = A6ED251B2BEF859E002DE2DC /* SettingGoalViewController.swift */; };
		A6ED251F2BEF90F2002DE2DC /* SwitchTableCell.swift in Sources */ = {isa = PBXBuildFile; fileRef = A6ED251E2BEF90F2002DE2DC /* SwitchTableCell.swift */; };
		A6ED25212BEFAC14002DE2DC /* UserSetTransferLog.swift in Sources */ = {isa = PBXBuildFile; fileRef = A6ED25202BEFAC14002DE2DC /* UserSetTransferLog.swift */; };
		A6ED25232BEFACE5002DE2DC /* UserSetTransferLogDao.swift in Sources */ = {isa = PBXBuildFile; fileRef = A6ED25222BEFACE5002DE2DC /* UserSetTransferLogDao.swift */; };
		A6ED25262BEFB075002DE2DC /* CreateUserSetTranLogView.swift in Sources */ = {isa = PBXBuildFile; fileRef = A6ED25252BEFB075002DE2DC /* CreateUserSetTranLogView.swift */; };
		A6ED25282BEFB66E002DE2DC /* EditUserSetTranLogView.swift in Sources */ = {isa = PBXBuildFile; fileRef = A6ED25272BEFB66E002DE2DC /* EditUserSetTranLogView.swift */; };
		A6ED252A2BF096D8002DE2DC /* DetailLabelTableCell.swift in Sources */ = {isa = PBXBuildFile; fileRef = A6ED25292BF096D8002DE2DC /* DetailLabelTableCell.swift */; };
		A6ED25352BF1C5D4002DE2DC /* GoalAlertSettingViewController.swift in Sources */ = {isa = PBXBuildFile; fileRef = A6ED25342BF1C5D4002DE2DC /* GoalAlertSettingViewController.swift */; };
		A6ED25372BF1D091002DE2DC /* TextFieldCell.swift in Sources */ = {isa = PBXBuildFile; fileRef = A6ED25362BF1D091002DE2DC /* TextFieldCell.swift */; };
		A6ED253A2BF205E9002DE2DC /* TranLogSourceGoalCell.swift in Sources */ = {isa = PBXBuildFile; fileRef = A6ED25392BF205E9002DE2DC /* TranLogSourceGoalCell.swift */; };
		A6ED253C2BF205F9002DE2DC /* TranLogDestinationCategoryCell.swift in Sources */ = {isa = PBXBuildFile; fileRef = A6ED253B2BF205F9002DE2DC /* TranLogDestinationCategoryCell.swift */; };
		A6F85ADA2B329AD0004B70CD /* LongTermSaving.swift in Sources */ = {isa = PBXBuildFile; fileRef = A6F85AD92B329AD0004B70CD /* LongTermSaving.swift */; };
/* End PBXBuildFile section */

/* Begin PBXFileReference section */
		5131B7C75160E20C1EFDE913 /* Pods_BudgetBuddy.framework */ = {isa = PBXFileReference; explicitFileType = wrapper.framework; includeInIndex = 0; path = Pods_BudgetBuddy.framework; sourceTree = BUILT_PRODUCTS_DIR; };
		6BBFE8B7AFEB710349FF6DDB /* Pods-BudgetBuddy.release.xcconfig */ = {isa = PBXFileReference; includeInIndex = 1; lastKnownFileType = text.xcconfig; name = "Pods-BudgetBuddy.release.xcconfig"; path = "Target Support Files/Pods-BudgetBuddy/Pods-BudgetBuddy.release.xcconfig"; sourceTree = "<group>"; };
		A60BF1902B19A06C00AE0B78 /* BudgetBuddy.app */ = {isa = PBXFileReference; explicitFileType = wrapper.application; includeInIndex = 0; path = BudgetBuddy.app; sourceTree = BUILT_PRODUCTS_DIR; };
		A60BF1932B19A06C00AE0B78 /* AppDelegate.swift */ = {isa = PBXFileReference; lastKnownFileType = sourcecode.swift; path = AppDelegate.swift; sourceTree = "<group>"; };
		A60BF1952B19A06C00AE0B78 /* SceneDelegate.swift */ = {isa = PBXFileReference; lastKnownFileType = sourcecode.swift; path = SceneDelegate.swift; sourceTree = "<group>"; };
		A60BF19A2B19A06C00AE0B78 /* Base */ = {isa = PBXFileReference; lastKnownFileType = file.storyboard; name = Base; path = Base.lproj/Main.storyboard; sourceTree = "<group>"; };
		A60BF19C2B19A06F00AE0B78 /* Assets.xcassets */ = {isa = PBXFileReference; lastKnownFileType = folder.assetcatalog; path = Assets.xcassets; sourceTree = "<group>"; };
		A60BF19F2B19A06F00AE0B78 /* Base */ = {isa = PBXFileReference; lastKnownFileType = file.storyboard; name = Base; path = Base.lproj/LaunchScreen.storyboard; sourceTree = "<group>"; };
		A60BF1A12B19A06F00AE0B78 /* Info.plist */ = {isa = PBXFileReference; lastKnownFileType = text.plist.xml; path = Info.plist; sourceTree = "<group>"; };
		A60BF1AC2B19A18200AE0B78 /* Transaction.swift */ = {isa = PBXFileReference; lastKnownFileType = sourcecode.swift; path = Transaction.swift; sourceTree = "<group>"; };
		A60BF1B02B19CA7500AE0B78 /* MainTabBarController.swift */ = {isa = PBXFileReference; lastKnownFileType = sourcecode.swift; path = MainTabBarController.swift; sourceTree = "<group>"; };
		A60BF1B22B19CC9200AE0B78 /* DashboardViewController.swift */ = {isa = PBXFileReference; lastKnownFileType = sourcecode.swift; path = DashboardViewController.swift; sourceTree = "<group>"; };
		A60BF1B42B19CEFD00AE0B78 /* MonthlyViewController.swift */ = {isa = PBXFileReference; lastKnownFileType = sourcecode.swift; path = MonthlyViewController.swift; sourceTree = "<group>"; };
		A60BF1B62B19CF3100AE0B78 /* Goal.swift */ = {isa = PBXFileReference; lastKnownFileType = sourcecode.swift; path = Goal.swift; sourceTree = "<group>"; };
		A60BF1B82B1B7AED00AE0B78 /* Category.swift */ = {isa = PBXFileReference; lastKnownFileType = sourcecode.swift; path = Category.swift; sourceTree = "<group>"; };
		A60E95A12BE9E16800711820 /* SettingsViewController.swift */ = {isa = PBXFileReference; fileEncoding = 4; lastKnownFileType = sourcecode.swift; path = SettingsViewController.swift; sourceTree = "<group>"; };
		A60E95A32BEB371600711820 /* SelectTargetMonthView.swift */ = {isa = PBXFileReference; lastKnownFileType = sourcecode.swift; path = SelectTargetMonthView.swift; sourceTree = "<group>"; };
		A60E95A52BEE05A600711820 /* DeleteGoalView.swift */ = {isa = PBXFileReference; lastKnownFileType = sourcecode.swift; path = DeleteGoalView.swift; sourceTree = "<group>"; };
		A6167CD32C26F03A0099EFA7 /* HamburgerMenuViewController.swift */ = {isa = PBXFileReference; lastKnownFileType = sourcecode.swift; path = HamburgerMenuViewController.swift; sourceTree = "<group>"; };
		A61984CA2B1EA28800A05A69 /* CategoryDao.swift */ = {isa = PBXFileReference; lastKnownFileType = sourcecode.swift; path = CategoryDao.swift; sourceTree = "<group>"; };
		A61984CC2B1EA30600A05A69 /* GoalDao.swift */ = {isa = PBXFileReference; lastKnownFileType = sourcecode.swift; path = GoalDao.swift; sourceTree = "<group>"; };
		A6198DDA2B5AD79C00B400BA /* HCollectionPickerViewCell.swift */ = {isa = PBXFileReference; lastKnownFileType = sourcecode.swift; path = HCollectionPickerViewCell.swift; sourceTree = "<group>"; };
		A61F85CC2BBE1B8A00C43531 /* TransferLog.swift */ = {isa = PBXFileReference; lastKnownFileType = sourcecode.swift; path = TransferLog.swift; sourceTree = "<group>"; };
		A62B99842BFE2C650018A12C /* GoalsView.swift */ = {isa = PBXFileReference; lastKnownFileType = sourcecode.swift; path = GoalsView.swift; sourceTree = "<group>"; };
		A62B99862BFF07090018A12C /* TotalDetailView.swift */ = {isa = PBXFileReference; lastKnownFileType = sourcecode.swift; path = TotalDetailView.swift; sourceTree = "<group>"; };
		A62B998A2BFF34000018A12C /* TotalTransactionTableCell.swift */ = {isa = PBXFileReference; lastKnownFileType = sourcecode.swift; path = TotalTransactionTableCell.swift; sourceTree = "<group>"; };
		A62B998D2BFF36170018A12C /* BreakdownEditorView.swift */ = {isa = PBXFileReference; lastKnownFileType = sourcecode.swift; path = BreakdownEditorView.swift; sourceTree = "<group>"; };
		A62B99902C00BED40018A12C /* TransferLogsDetailView.swift */ = {isa = PBXFileReference; lastKnownFileType = sourcecode.swift; path = TransferLogsDetailView.swift; sourceTree = "<group>"; };
		A62B99962C00CAAE0018A12C /* TransferLogsTableSectionHeader.swift */ = {isa = PBXFileReference; lastKnownFileType = sourcecode.swift; path = TransferLogsTableSectionHeader.swift; sourceTree = "<group>"; };
		A62B99982C00D0810018A12C /* TransferLogTableCell.swift */ = {isa = PBXFileReference; lastKnownFileType = sourcecode.swift; path = TransferLogTableCell.swift; sourceTree = "<group>"; };
		A62B999A2C01CBC50018A12C /* OtherGoalItemCell.swift */ = {isa = PBXFileReference; lastKnownFileType = sourcecode.swift; path = OtherGoalItemCell.swift; sourceTree = "<group>"; };
		A643F2732B35196000FA453D /* en */ = {isa = PBXFileReference; lastKnownFileType = text.plist.strings; name = en; path = en.lproj/Localizable.strings; sourceTree = "<group>"; };
		A643F2772B351A3900FA453D /* ja */ = {isa = PBXFileReference; lastKnownFileType = text.plist.strings; name = ja; path = ja.lproj/Localizable.strings; sourceTree = "<group>"; };
		A643F2792B355AFA00FA453D /* LanguageSelectionViewController.swift */ = {isa = PBXFileReference; lastKnownFileType = sourcecode.swift; path = LanguageSelectionViewController.swift; sourceTree = "<group>"; };
		A643F27F2B35742A00FA453D /* ja */ = {isa = PBXFileReference; lastKnownFileType = text.plist.strings; name = ja; path = ja.lproj/Main.strings; sourceTree = "<group>"; };
		A643F2802B35742A00FA453D /* ja */ = {isa = PBXFileReference; lastKnownFileType = text.plist.strings; name = ja; path = ja.lproj/LaunchScreen.strings; sourceTree = "<group>"; };
		A643F2812B35747900FA453D /* Extensions.swift */ = {isa = PBXFileReference; lastKnownFileType = sourcecode.swift; path = Extensions.swift; sourceTree = "<group>"; };
		A643F2842B3674BB00FA453D /* MonthlyDefaultManagementAmountViewController.swift */ = {isa = PBXFileReference; lastKnownFileType = sourcecode.swift; path = MonthlyDefaultManagementAmountViewController.swift; sourceTree = "<group>"; };
		A6460F042B936AFA002B07A1 /* UpdateCommon.swift */ = {isa = PBXFileReference; lastKnownFileType = sourcecode.swift; path = UpdateCommon.swift; sourceTree = "<group>"; };
		A6487BB32B5183F400CAF47B /* MyUI.swift */ = {isa = PBXFileReference; lastKnownFileType = sourcecode.swift; path = MyUI.swift; sourceTree = "<group>"; };
		A6487BB62B51846300CAF47B /* MyProgressBar.swift */ = {isa = PBXFileReference; lastKnownFileType = sourcecode.swift; path = MyProgressBar.swift; sourceTree = "<group>"; };
		A67004422B1C6A1400EC50A4 /* MonthYearPickerTextField.swift */ = {isa = PBXFileReference; lastKnownFileType = sourcecode.swift; path = MonthYearPickerTextField.swift; sourceTree = "<group>"; };
		A67004462B1C6A6800EC50A4 /* MonthYearPicker.swift */ = {isa = PBXFileReference; lastKnownFileType = sourcecode.swift; path = MonthYearPicker.swift; sourceTree = "<group>"; };
		A670044A2B1CA23300EC50A4 /* CategoryPickerTextField.swift */ = {isa = PBXFileReference; lastKnownFileType = sourcecode.swift; path = CategoryPickerTextField.swift; sourceTree = "<group>"; };
		A670044D2B1E0DED00EC50A4 /* PlusOrMinusSwitch.swift */ = {isa = PBXFileReference; lastKnownFileType = sourcecode.swift; path = PlusOrMinusSwitch.swift; sourceTree = "<group>"; };
		A673CED52BF9CA2F001E5679 /* UIColor+CustomColors.swift */ = {isa = PBXFileReference; lastKnownFileType = sourcecode.swift; path = "UIColor+CustomColors.swift"; sourceTree = "<group>"; };
		A673CED92BF9EE8C001E5679 /* IconTableCell.swift */ = {isa = PBXFileReference; lastKnownFileType = sourcecode.swift; path = IconTableCell.swift; sourceTree = "<group>"; };
		A6752FF92B5807B600670CA5 /* CreateTransferLogViewController.swift */ = {isa = PBXFileReference; lastKnownFileType = sourcecode.swift; path = CreateTransferLogViewController.swift; sourceTree = "<group>"; };
		A683234B2B1FE48D003D2F2E /* GoalDetailViewController.swift */ = {isa = PBXFileReference; lastKnownFileType = sourcecode.swift; path = GoalDetailViewController.swift; sourceTree = "<group>"; };
		A683234D2B1FE95C003D2F2E /* TransactionTableViewCell.swift */ = {isa = PBXFileReference; lastKnownFileType = sourcecode.swift; path = TransactionTableViewCell.swift; sourceTree = "<group>"; };
		A68C5DF42B8B80B400963FD1 /* RealmClassCommon.swift */ = {isa = PBXFileReference; lastKnownFileType = sourcecode.swift; path = RealmClassCommon.swift; sourceTree = "<group>"; };
		A68C5DFC2B8DBFBC00963FD1 /* Formatter.swift */ = {isa = PBXFileReference; lastKnownFileType = sourcecode.swift; path = Formatter.swift; sourceTree = "<group>"; };
		A68C5E002B8E9E5E00963FD1 /* Breakdown.swift */ = {isa = PBXFileReference; lastKnownFileType = sourcecode.swift; path = Breakdown.swift; sourceTree = "<group>"; };
		A68C5E022B8EA01400963FD1 /* BreakdownDao.swift */ = {isa = PBXFileReference; lastKnownFileType = sourcecode.swift; path = BreakdownDao.swift; sourceTree = "<group>"; };
		A68C5E042B8EA74100963FD1 /* BreakdownTableCell.swift */ = {isa = PBXFileReference; lastKnownFileType = sourcecode.swift; path = BreakdownTableCell.swift; sourceTree = "<group>"; };
		A68DCFC22BA2825D0035AA23 /* CarryForwardCell.swift */ = {isa = PBXFileReference; lastKnownFileType = sourcecode.swift; path = CarryForwardCell.swift; sourceTree = "<group>"; };
		A68E39A62BE0ED260018A505 /* TransferLogDao.swift */ = {isa = PBXFileReference; lastKnownFileType = sourcecode.swift; path = TransferLogDao.swift; sourceTree = "<group>"; };
		A68E39A82BE213210018A505 /* CreateCategoryDialogView.swift */ = {isa = PBXFileReference; lastKnownFileType = sourcecode.swift; path = CreateCategoryDialogView.swift; sourceTree = "<group>"; };
		A692B0D62C08586900620711 /* AlertCollectionCell.swift */ = {isa = PBXFileReference; lastKnownFileType = sourcecode.swift; path = AlertCollectionCell.swift; sourceTree = "<group>"; };
		A692B0D92C08ADAE00620711 /* AlertAriaView.swift */ = {isa = PBXFileReference; lastKnownFileType = sourcecode.swift; path = AlertAriaView.swift; sourceTree = "<group>"; };
		A692B0DB2C08B49D00620711 /* DataAriaView.swift */ = {isa = PBXFileReference; lastKnownFileType = sourcecode.swift; path = DataAriaView.swift; sourceTree = "<group>"; };
		A692B0DD2C09912F00620711 /* SettingAriaView.swift */ = {isa = PBXFileReference; lastKnownFileType = sourcecode.swift; path = SettingAriaView.swift; sourceTree = "<group>"; };
		A692B0DF2C09925D00620711 /* BackupAriaView.swift */ = {isa = PBXFileReference; lastKnownFileType = sourcecode.swift; path = BackupAriaView.swift; sourceTree = "<group>"; };
		A6A0D9312B37137F00395E51 /* CategorysSettingViewController.swift */ = {isa = PBXFileReference; lastKnownFileType = sourcecode.swift; path = CategorysSettingViewController.swift; sourceTree = "<group>"; };
		A6A0D9332B3724D300395E51 /* CategorysSettingViewCell.swift */ = {isa = PBXFileReference; lastKnownFileType = sourcecode.swift; path = CategorysSettingViewCell.swift; sourceTree = "<group>"; };
		A6B1D5D42B235AAA0076D3BF /* ShowAlerts.swift */ = {isa = PBXFileReference; lastKnownFileType = sourcecode.swift; path = ShowAlerts.swift; sourceTree = "<group>"; };
		A6B1D5D62B2498E70076D3BF /* DateFuncs.swift */ = {isa = PBXFileReference; lastKnownFileType = sourcecode.swift; path = DateFuncs.swift; sourceTree = "<group>"; };
		A6B1D5D82B249DE80076D3BF /* AmountProcessings.swift */ = {isa = PBXFileReference; lastKnownFileType = sourcecode.swift; path = AmountProcessings.swift; sourceTree = "<group>"; };
		A6CCFE3D2B22C6BF00A30A0D /* TransactionDao.swift */ = {isa = PBXFileReference; fileEncoding = 4; lastKnownFileType = sourcecode.swift; path = TransactionDao.swift; sourceTree = "<group>"; };
		A6D659262BA72C44008029DC /* back.jpg */ = {isa = PBXFileReference; lastKnownFileType = image.jpeg; name = back.jpg; path = ../../../../../../Downloads/back.jpg; sourceTree = "<group>"; };
		A6D659282BAD5C39008029DC /* ShowInfoView.swift */ = {isa = PBXFileReference; lastKnownFileType = sourcecode.swift; path = ShowInfoView.swift; sourceTree = "<group>"; };
		A6DF96612B80F8EC00982144 /* GoalItemCell.swift */ = {isa = PBXFileReference; lastKnownFileType = sourcecode.swift; path = GoalItemCell.swift; sourceTree = "<group>"; };
		A6DF96632B81976700982144 /* TransactionEditorViewController.swift */ = {isa = PBXFileReference; lastKnownFileType = sourcecode.swift; path = TransactionEditorViewController.swift; sourceTree = "<group>"; };
		A6DFB2C02B47B6DD001C167C /* KeyboardScrollView.swift */ = {isa = PBXFileReference; lastKnownFileType = sourcecode.swift; path = KeyboardScrollView.swift; sourceTree = "<group>"; };
		A6E96F852B93317C001AD486 /* BankAccountViewController.swift */ = {isa = PBXFileReference; lastKnownFileType = sourcecode.swift; path = BankAccountViewController.swift; sourceTree = "<group>"; };
		A6ED251B2BEF859E002DE2DC /* SettingGoalViewController.swift */ = {isa = PBXFileReference; lastKnownFileType = sourcecode.swift; path = SettingGoalViewController.swift; sourceTree = "<group>"; };
		A6ED251E2BEF90F2002DE2DC /* SwitchTableCell.swift */ = {isa = PBXFileReference; lastKnownFileType = sourcecode.swift; path = SwitchTableCell.swift; sourceTree = "<group>"; };
		A6ED25202BEFAC14002DE2DC /* UserSetTransferLog.swift */ = {isa = PBXFileReference; lastKnownFileType = sourcecode.swift; path = UserSetTransferLog.swift; sourceTree = "<group>"; };
		A6ED25222BEFACE5002DE2DC /* UserSetTransferLogDao.swift */ = {isa = PBXFileReference; lastKnownFileType = sourcecode.swift; path = UserSetTransferLogDao.swift; sourceTree = "<group>"; };
		A6ED25252BEFB075002DE2DC /* CreateUserSetTranLogView.swift */ = {isa = PBXFileReference; lastKnownFileType = sourcecode.swift; path = CreateUserSetTranLogView.swift; sourceTree = "<group>"; };
		A6ED25272BEFB66E002DE2DC /* EditUserSetTranLogView.swift */ = {isa = PBXFileReference; lastKnownFileType = sourcecode.swift; path = EditUserSetTranLogView.swift; sourceTree = "<group>"; };
		A6ED25292BF096D8002DE2DC /* DetailLabelTableCell.swift */ = {isa = PBXFileReference; lastKnownFileType = sourcecode.swift; path = DetailLabelTableCell.swift; sourceTree = "<group>"; };
		A6ED25342BF1C5D4002DE2DC /* GoalAlertSettingViewController.swift */ = {isa = PBXFileReference; lastKnownFileType = sourcecode.swift; path = GoalAlertSettingViewController.swift; sourceTree = "<group>"; };
		A6ED25362BF1D091002DE2DC /* TextFieldCell.swift */ = {isa = PBXFileReference; lastKnownFileType = sourcecode.swift; path = TextFieldCell.swift; sourceTree = "<group>"; };
		A6ED25392BF205E9002DE2DC /* TranLogSourceGoalCell.swift */ = {isa = PBXFileReference; lastKnownFileType = sourcecode.swift; path = TranLogSourceGoalCell.swift; sourceTree = "<group>"; };
		A6ED253B2BF205F9002DE2DC /* TranLogDestinationCategoryCell.swift */ = {isa = PBXFileReference; lastKnownFileType = sourcecode.swift; path = TranLogDestinationCategoryCell.swift; sourceTree = "<group>"; };
		A6F85AD92B329AD0004B70CD /* LongTermSaving.swift */ = {isa = PBXFileReference; lastKnownFileType = sourcecode.swift; path = LongTermSaving.swift; sourceTree = "<group>"; };
		B166A2CDBDD2BEA3F7FD734D /* Pods-BudgetBuddy.debug.xcconfig */ = {isa = PBXFileReference; includeInIndex = 1; lastKnownFileType = text.xcconfig; name = "Pods-BudgetBuddy.debug.xcconfig"; path = "Target Support Files/Pods-BudgetBuddy/Pods-BudgetBuddy.debug.xcconfig"; sourceTree = "<group>"; };
/* End PBXFileReference section */

/* Begin PBXFrameworksBuildPhase section */
		A60BF18D2B19A06C00AE0B78 /* Frameworks */ = {
			isa = PBXFrameworksBuildPhase;
			buildActionMask = 2147483647;
			files = (
				35D8386D05967D13689D18ED /* Pods_BudgetBuddy.framework in Frameworks */,
			);
			runOnlyForDeploymentPostprocessing = 0;
		};
/* End PBXFrameworksBuildPhase section */

/* Begin PBXGroup section */
		4B4F3B30D471F76C3A04C87D /* Pods */ = {
			isa = PBXGroup;
			children = (
				B166A2CDBDD2BEA3F7FD734D /* Pods-BudgetBuddy.debug.xcconfig */,
				6BBFE8B7AFEB710349FF6DDB /* Pods-BudgetBuddy.release.xcconfig */,
			);
			path = Pods;
			sourceTree = "<group>";
		};
		735D10AE65A991D740A48A18 /* Frameworks */ = {
			isa = PBXGroup;
			children = (
				5131B7C75160E20C1EFDE913 /* Pods_BudgetBuddy.framework */,
			);
			name = Frameworks;
			sourceTree = "<group>";
		};
		A60BF1872B19A06C00AE0B78 = {
			isa = PBXGroup;
			children = (
				A60BF1922B19A06C00AE0B78 /* BudgetBuddy */,
				A60BF1912B19A06C00AE0B78 /* Products */,
				4B4F3B30D471F76C3A04C87D /* Pods */,
				735D10AE65A991D740A48A18 /* Frameworks */,
			);
			sourceTree = "<group>";
		};
		A60BF1912B19A06C00AE0B78 /* Products */ = {
			isa = PBXGroup;
			children = (
				A60BF1902B19A06C00AE0B78 /* BudgetBuddy.app */,
			);
			name = Products;
			sourceTree = "<group>";
		};
		A60BF1922B19A06C00AE0B78 /* BudgetBuddy */ = {
			isa = PBXGroup;
			children = (
				A6B1D5D32B235A8F0076D3BF /* Commons */,
				A60BF1A92B19A0A000AE0B78 /* Models */,
				A60BF1A82B19A09A00AE0B78 /* Dao */,
				A60E959A2BE525A800711820 /* Main */,
				A670044F2B1E11D700EC50A4 /* UITableViewCells */,
				A67004412B1C69CE00EC50A4 /* UITextFields */,
				A67004442B1C6A3E00EC50A4 /* UIPickerViews */,
				A670044C2B1E0DA800EC50A4 /* UISwitch */,
				A6487BB52B51844100CAF47B /* MyUI */,
				A643F2782B351A5C00FA453D /* Resource */,
				A60BF1992B19A06C00AE0B78 /* Main.storyboard */,
				A60BF1932B19A06C00AE0B78 /* AppDelegate.swift */,
				A60BF1952B19A06C00AE0B78 /* SceneDelegate.swift */,
				A60BF19C2B19A06F00AE0B78 /* Assets.xcassets */,
				A60BF19E2B19A06F00AE0B78 /* LaunchScreen.storyboard */,
				A60BF1A12B19A06F00AE0B78 /* Info.plist */,
				A6487BB32B5183F400CAF47B /* MyUI.swift */,
			);
			path = BudgetBuddy;
			sourceTree = "<group>";
		};
		A60BF1A82B19A09A00AE0B78 /* Dao */ = {
			isa = PBXGroup;
			children = (
				A61984CA2B1EA28800A05A69 /* CategoryDao.swift */,
				A6CCFE3D2B22C6BF00A30A0D /* TransactionDao.swift */,
				A61984CC2B1EA30600A05A69 /* GoalDao.swift */,
				A68C5E022B8EA01400963FD1 /* BreakdownDao.swift */,
				A68E39A62BE0ED260018A505 /* TransferLogDao.swift */,
				A6ED25222BEFACE5002DE2DC /* UserSetTransferLogDao.swift */,
			);
			path = Dao;
			sourceTree = "<group>";
		};
		A60BF1A92B19A0A000AE0B78 /* Models */ = {
			isa = PBXGroup;
			children = (
				A60BF1B82B1B7AED00AE0B78 /* Category.swift */,
				A60BF1AC2B19A18200AE0B78 /* Transaction.swift */,
				A60BF1B62B19CF3100AE0B78 /* Goal.swift */,
				A61F85CC2BBE1B8A00C43531 /* TransferLog.swift */,
				A68C5E002B8E9E5E00963FD1 /* Breakdown.swift */,
				A6F85AD92B329AD0004B70CD /* LongTermSaving.swift */,
				A6ED25202BEFAC14002DE2DC /* UserSetTransferLog.swift */,
			);
			path = Models;
			sourceTree = "<group>";
		};
		A60E95912BE523D500711820 /* MainTabbar */ = {
			isa = PBXGroup;
			children = (
				A60BF1B02B19CA7500AE0B78 /* MainTabBarController.swift */,
				A60E95922BE523F300711820 /* TabItems */,
			);
			path = MainTabbar;
			sourceTree = "<group>";
		};
		A60E95922BE523F300711820 /* TabItems */ = {
			isa = PBXGroup;
			children = (
				A60E95932BE5242E00711820 /* Home */,
				A60E95942BE5244100711820 /* Transaction */,
				A60E95952BE5247B00711820 /* Goal */,
				A60E95962BE5248D00711820 /* BankAccount */,
				A60E95972BE5249D00711820 /* Setting */,
			);
			path = TabItems;
			sourceTree = "<group>";
		};
		A60E95932BE5242E00711820 /* Home */ = {
			isa = PBXGroup;
			children = (
				A60BF1B22B19CC9200AE0B78 /* DashboardViewController.swift */,
				A692B0D82C08AD9D00620711 /* View */,
				A692B0D52C08584A00620711 /* CollectionCell */,
			);
			path = Home;
			sourceTree = "<group>";
		};
		A60E95942BE5244100711820 /* Transaction */ = {
			isa = PBXGroup;
			children = (
				A6DF96632B81976700982144 /* TransactionEditorViewController.swift */,
			);
			path = Transaction;
			sourceTree = "<group>";
		};
		A60E95952BE5247B00711820 /* Goal */ = {
			isa = PBXGroup;
			children = (
				A60E959F2BE5276200711820 /* Top */,
				A60E959D2BE5267A00711820 /* GoalDetail */,
				A60E959C2BE525DD00711820 /* CreateGoal */,
				A6167CD32C26F03A0099EFA7 /* HamburgerMenuViewController.swift */,
			);
			path = Goal;
			sourceTree = "<group>";
		};
		A60E95962BE5248D00711820 /* BankAccount */ = {
			isa = PBXGroup;
			children = (
				A6E96F852B93317C001AD486 /* BankAccountViewController.swift */,
			);
			path = BankAccount;
			sourceTree = "<group>";
		};
		A60E95972BE5249D00711820 /* Setting */ = {
			isa = PBXGroup;
			children = (
				A60E95A12BE9E16800711820 /* SettingsViewController.swift */,
				A643F2792B355AFA00FA453D /* LanguageSelectionViewController.swift */,
				A643F2842B3674BB00FA453D /* MonthlyDefaultManagementAmountViewController.swift */,
				A6A0D9312B37137F00395E51 /* CategorysSettingViewController.swift */,
			);
			path = Setting;
			sourceTree = "<group>";
		};
		A60E959A2BE525A800711820 /* Main */ = {
			isa = PBXGroup;
			children = (
				A60E95912BE523D500711820 /* MainTabbar */,
			);
			path = Main;
			sourceTree = "<group>";
		};
		A60E959C2BE525DD00711820 /* CreateGoal */ = {
			isa = PBXGroup;
			children = (
				A6752FF92B5807B600670CA5 /* CreateTransferLogViewController.swift */,
				A68E39A82BE213210018A505 /* CreateCategoryDialogView.swift */,
			);
			path = CreateGoal;
			sourceTree = "<group>";
		};
		A60E959D2BE5267A00711820 /* GoalDetail */ = {
			isa = PBXGroup;
			children = (
				A683234B2B1FE48D003D2F2E /* GoalDetailViewController.swift */,
				A60E95A52BEE05A600711820 /* DeleteGoalView.swift */,
				A6ED25332BF1C5A4002DE2DC /* GoalAlertSetting */,
				A6ED25242BEFAFEC002DE2DC /* SettingGoal */,
			);
			path = GoalDetail;
			sourceTree = "<group>";
		};
		A60E959F2BE5276200711820 /* Top */ = {
			isa = PBXGroup;
			children = (
				A60BF1B42B19CEFD00AE0B78 /* MonthlyViewController.swift */,
				A6C3F8DF2C06C6B800A888DA /* View */,
				A62B998C2BFF35F40018A12C /* Dialog */,
			);
			path = Top;
			sourceTree = "<group>";
		};
		A62B99882BFF17590018A12C /* Breakdown */ = {
			isa = PBXGroup;
			children = (
				A68C5E042B8EA74100963FD1 /* BreakdownTableCell.swift */,
			);
			path = Breakdown;
			sourceTree = "<group>";
		};
		A62B99892BFF33600018A12C /* Transaction */ = {
			isa = PBXGroup;
			children = (
				A683234D2B1FE95C003D2F2E /* TransactionTableViewCell.swift */,
				A62B998A2BFF34000018A12C /* TotalTransactionTableCell.swift */,
			);
			path = Transaction;
			sourceTree = "<group>";
		};
		A62B998C2BFF35F40018A12C /* Dialog */ = {
			isa = PBXGroup;
			children = (
				A60E95A32BEB371600711820 /* SelectTargetMonthView.swift */,
				A62B998D2BFF36170018A12C /* BreakdownEditorView.swift */,
			);
			path = Dialog;
			sourceTree = "<group>";
		};
		A62B998F2C00BD780018A12C /* TransferLogsDetail */ = {
			isa = PBXGroup;
			children = (
				A62B99902C00BED40018A12C /* TransferLogsDetailView.swift */,
				A62B99952C00CA770018A12C /* TableViewSection */,
			);
			path = TransferLogsDetail;
			sourceTree = "<group>";
		};
		A62B99952C00CA770018A12C /* TableViewSection */ = {
			isa = PBXGroup;
			children = (
				A62B99962C00CAAE0018A12C /* TransferLogsTableSectionHeader.swift */,
			);
			path = TableViewSection;
			sourceTree = "<group>";
		};
		A643F2782B351A5C00FA453D /* Resource */ = {
			isa = PBXGroup;
			children = (
				A6D659252BA72C10008029DC /* Image */,
				A643F2742B35196000FA453D /* Localizable.strings */,
				A673CED52BF9CA2F001E5679 /* UIColor+CustomColors.swift */,
			);
			path = Resource;
			sourceTree = "<group>";
		};
		A6487BB52B51844100CAF47B /* MyUI */ = {
			isa = PBXGroup;
			children = (
				A6487BB62B51846300CAF47B /* MyProgressBar.swift */,
				A6198DDA2B5AD79C00B400BA /* HCollectionPickerViewCell.swift */,
			);
			path = MyUI;
			sourceTree = "<group>";
		};
		A67004412B1C69CE00EC50A4 /* UITextFields */ = {
			isa = PBXGroup;
			children = (
				A67004422B1C6A1400EC50A4 /* MonthYearPickerTextField.swift */,
				A670044A2B1CA23300EC50A4 /* CategoryPickerTextField.swift */,
			);
			path = UITextFields;
			sourceTree = "<group>";
		};
		A67004442B1C6A3E00EC50A4 /* UIPickerViews */ = {
			isa = PBXGroup;
			children = (
				A67004462B1C6A6800EC50A4 /* MonthYearPicker.swift */,
			);
			path = UIPickerViews;
			sourceTree = "<group>";
		};
		A670044C2B1E0DA800EC50A4 /* UISwitch */ = {
			isa = PBXGroup;
			children = (
				A670044D2B1E0DED00EC50A4 /* PlusOrMinusSwitch.swift */,
			);
			path = UISwitch;
			sourceTree = "<group>";
		};
		A670044F2B1E11D700EC50A4 /* UITableViewCells */ = {
			isa = PBXGroup;
			children = (
				A6A0D9332B3724D300395E51 /* CategorysSettingViewCell.swift */,
				A68DCFC22BA2825D0035AA23 /* CarryForwardCell.swift */,
			);
			path = UITableViewCells;
			sourceTree = "<group>";
		};
		A692B0D52C08584A00620711 /* CollectionCell */ = {
			isa = PBXGroup;
			children = (
				A692B0D62C08586900620711 /* AlertCollectionCell.swift */,
			);
			path = CollectionCell;
			sourceTree = "<group>";
		};
		A692B0D82C08AD9D00620711 /* View */ = {
			isa = PBXGroup;
			children = (
				A692B0D92C08ADAE00620711 /* AlertAriaView.swift */,
				A692B0DB2C08B49D00620711 /* DataAriaView.swift */,
				A692B0DD2C09912F00620711 /* SettingAriaView.swift */,
				A692B0DF2C09925D00620711 /* BackupAriaView.swift */,
			);
			path = View;
			sourceTree = "<group>";
		};
		A6A6EF282BFB154B00D6E402 /* TransferLog */ = {
			isa = PBXGroup;
			children = (
				A62B99982C00D0810018A12C /* TransferLogTableCell.swift */,
			);
			path = TransferLog;
			sourceTree = "<group>";
		};
		A6B1D5D32B235A8F0076D3BF /* Commons */ = {
			isa = PBXGroup;
			children = (
				A6B1D5D42B235AAA0076D3BF /* ShowAlerts.swift */,
				A6B1D5D62B2498E70076D3BF /* DateFuncs.swift */,
				A6B1D5D82B249DE80076D3BF /* AmountProcessings.swift */,
				A643F2812B35747900FA453D /* Extensions.swift */,
				A6DFB2C02B47B6DD001C167C /* KeyboardScrollView.swift */,
				A68C5DF42B8B80B400963FD1 /* RealmClassCommon.swift */,
				A68C5DFC2B8DBFBC00963FD1 /* Formatter.swift */,
				A6460F042B936AFA002B07A1 /* UpdateCommon.swift */,
				A6ED252B2BF0A1A4002DE2DC /* DialogView */,
				A6ED251D2BEF90D7002DE2DC /* CustomTableViewCell */,
			);
			path = Commons;
			sourceTree = "<group>";
		};
		A6C3F8DF2C06C6B800A888DA /* View */ = {
			isa = PBXGroup;
			children = (
				A62B99842BFE2C650018A12C /* GoalsView.swift */,
				A62B998F2C00BD780018A12C /* TransferLogsDetail */,
				A62B99862BFF07090018A12C /* TotalDetailView.swift */,
			);
			path = View;
			sourceTree = "<group>";
		};
		A6D659252BA72C10008029DC /* Image */ = {
			isa = PBXGroup;
			children = (
				A6D659262BA72C44008029DC /* back.jpg */,
			);
			path = Image;
			sourceTree = "<group>";
		};
		A6DF96602B760F4500982144 /* GoalCell */ = {
			isa = PBXGroup;
			children = (
				A6DF96612B80F8EC00982144 /* GoalItemCell.swift */,
				A62B999A2C01CBC50018A12C /* OtherGoalItemCell.swift */,
			);
			path = GoalCell;
			sourceTree = "<group>";
		};
		A6ED251D2BEF90D7002DE2DC /* CustomTableViewCell */ = {
			isa = PBXGroup;
			children = (
				A6ED25382BF205AC002DE2DC /* CreateTransferLogTableCell */,
				A6DF96602B760F4500982144 /* GoalCell */,
				A6A6EF282BFB154B00D6E402 /* TransferLog */,
				A62B99882BFF17590018A12C /* Breakdown */,
				A62B99892BFF33600018A12C /* Transaction */,
				A6ED251E2BEF90F2002DE2DC /* SwitchTableCell.swift */,
				A673CED92BF9EE8C001E5679 /* IconTableCell.swift */,
				A6ED25292BF096D8002DE2DC /* DetailLabelTableCell.swift */,
				A6ED25362BF1D091002DE2DC /* TextFieldCell.swift */,
			);
			path = CustomTableViewCell;
			sourceTree = "<group>";
		};
		A6ED25242BEFAFEC002DE2DC /* SettingGoal */ = {
			isa = PBXGroup;
			children = (
				A6ED251B2BEF859E002DE2DC /* SettingGoalViewController.swift */,
				A6ED25252BEFB075002DE2DC /* CreateUserSetTranLogView.swift */,
				A6ED25272BEFB66E002DE2DC /* EditUserSetTranLogView.swift */,
			);
			path = SettingGoal;
			sourceTree = "<group>";
		};
		A6ED252B2BF0A1A4002DE2DC /* DialogView */ = {
			isa = PBXGroup;
			children = (
				A6D659282BAD5C39008029DC /* ShowInfoView.swift */,
			);
			path = DialogView;
			sourceTree = "<group>";
		};
		A6ED25332BF1C5A4002DE2DC /* GoalAlertSetting */ = {
			isa = PBXGroup;
			children = (
				A6ED25342BF1C5D4002DE2DC /* GoalAlertSettingViewController.swift */,
			);
			path = GoalAlertSetting;
			sourceTree = "<group>";
		};
		A6ED25382BF205AC002DE2DC /* CreateTransferLogTableCell */ = {
			isa = PBXGroup;
			children = (
				A6ED253B2BF205F9002DE2DC /* TranLogDestinationCategoryCell.swift */,
				A6ED25392BF205E9002DE2DC /* TranLogSourceGoalCell.swift */,
			);
			path = CreateTransferLogTableCell;
			sourceTree = "<group>";
		};
/* End PBXGroup section */

/* Begin PBXNativeTarget section */
		A60BF18F2B19A06C00AE0B78 /* BudgetBuddy */ = {
			isa = PBXNativeTarget;
			buildConfigurationList = A60BF1A42B19A06F00AE0B78 /* Build configuration list for PBXNativeTarget "BudgetBuddy" */;
			buildPhases = (
				39BC474FA5128F2A7893B4FC /* [CP] Check Pods Manifest.lock */,
				A60BF18C2B19A06C00AE0B78 /* Sources */,
				A60BF18D2B19A06C00AE0B78 /* Frameworks */,
				A60BF18E2B19A06C00AE0B78 /* Resources */,
				60FE1F7D6E1B7B70955172E7 /* [CP] Embed Pods Frameworks */,
			);
			buildRules = (
			);
			dependencies = (
			);
			name = BudgetBuddy;
			productName = BudgetBuddy;
			productReference = A60BF1902B19A06C00AE0B78 /* BudgetBuddy.app */;
			productType = "com.apple.product-type.application";
		};
/* End PBXNativeTarget section */

/* Begin PBXProject section */
		A60BF1882B19A06C00AE0B78 /* Project object */ = {
			isa = PBXProject;
			attributes = {
				BuildIndependentTargetsInParallel = 1;
				LastSwiftUpdateCheck = 1500;
				LastUpgradeCheck = 1500;
				TargetAttributes = {
					A60BF18F2B19A06C00AE0B78 = {
						CreatedOnToolsVersion = 15.0.1;
					};
				};
			};
			buildConfigurationList = A60BF18B2B19A06C00AE0B78 /* Build configuration list for PBXProject "BudgetBuddy" */;
			compatibilityVersion = "Xcode 14.0";
			developmentRegion = en;
			hasScannedForEncodings = 0;
			knownRegions = (
				en,
				Base,
				ja,
			);
			mainGroup = A60BF1872B19A06C00AE0B78;
			productRefGroup = A60BF1912B19A06C00AE0B78 /* Products */;
			projectDirPath = "";
			projectRoot = "";
			targets = (
				A60BF18F2B19A06C00AE0B78 /* BudgetBuddy */,
			);
		};
/* End PBXProject section */

/* Begin PBXResourcesBuildPhase section */
		A60BF18E2B19A06C00AE0B78 /* Resources */ = {
			isa = PBXResourcesBuildPhase;
			buildActionMask = 2147483647;
			files = (
				A6D659272BA72C44008029DC /* back.jpg in Resources */,
				A60BF1A02B19A06F00AE0B78 /* LaunchScreen.storyboard in Resources */,
				A643F2722B35196000FA453D /* Localizable.strings in Resources */,
				A60BF19D2B19A06F00AE0B78 /* Assets.xcassets in Resources */,
				A60BF19B2B19A06C00AE0B78 /* Main.storyboard in Resources */,
			);
			runOnlyForDeploymentPostprocessing = 0;
		};
/* End PBXResourcesBuildPhase section */

/* Begin PBXShellScriptBuildPhase section */
		39BC474FA5128F2A7893B4FC /* [CP] Check Pods Manifest.lock */ = {
			isa = PBXShellScriptBuildPhase;
			buildActionMask = 2147483647;
			files = (
			);
			inputFileListPaths = (
			);
			inputPaths = (
				"${PODS_PODFILE_DIR_PATH}/Podfile.lock",
				"${PODS_ROOT}/Manifest.lock",
			);
			name = "[CP] Check Pods Manifest.lock";
			outputFileListPaths = (
			);
			outputPaths = (
				"$(DERIVED_FILE_DIR)/Pods-BudgetBuddy-checkManifestLockResult.txt",
			);
			runOnlyForDeploymentPostprocessing = 0;
			shellPath = /bin/sh;
			shellScript = "diff \"${PODS_PODFILE_DIR_PATH}/Podfile.lock\" \"${PODS_ROOT}/Manifest.lock\" > /dev/null\nif [ $? != 0 ] ; then\n    # print error to STDERR\n    echo \"error: The sandbox is not in sync with the Podfile.lock. Run 'pod install' or update your CocoaPods installation.\" >&2\n    exit 1\nfi\n# This output is used by Xcode 'outputs' to avoid re-running this script phase.\necho \"SUCCESS\" > \"${SCRIPT_OUTPUT_FILE_0}\"\n";
			showEnvVarsInLog = 0;
		};
		60FE1F7D6E1B7B70955172E7 /* [CP] Embed Pods Frameworks */ = {
			isa = PBXShellScriptBuildPhase;
			buildActionMask = 2147483647;
			files = (
			);
			inputFileListPaths = (
				"${PODS_ROOT}/Target Support Files/Pods-BudgetBuddy/Pods-BudgetBuddy-frameworks-${CONFIGURATION}-input-files.xcfilelist",
			);
			name = "[CP] Embed Pods Frameworks";
			outputFileListPaths = (
				"${PODS_ROOT}/Target Support Files/Pods-BudgetBuddy/Pods-BudgetBuddy-frameworks-${CONFIGURATION}-output-files.xcfilelist",
			);
			runOnlyForDeploymentPostprocessing = 0;
			shellPath = /bin/sh;
			shellScript = "\"${PODS_ROOT}/Target Support Files/Pods-BudgetBuddy/Pods-BudgetBuddy-frameworks.sh\"\n";
			showEnvVarsInLog = 0;
		};
/* End PBXShellScriptBuildPhase section */

/* Begin PBXSourcesBuildPhase section */
		A60BF18C2B19A06C00AE0B78 /* Sources */ = {
			isa = PBXSourcesBuildPhase;
			buildActionMask = 2147483647;
			files = (
				A6ED25262BEFB075002DE2DC /* CreateUserSetTranLogView.swift in Sources */,
				A6ED253C2BF205F9002DE2DC /* TranLogDestinationCategoryCell.swift in Sources */,
				A673CEDA2BF9EE8C001E5679 /* IconTableCell.swift in Sources */,
				A6ED25212BEFAC14002DE2DC /* UserSetTransferLog.swift in Sources */,
				A6B1D5D52B235AAA0076D3BF /* ShowAlerts.swift in Sources */,
				A60BF1942B19A06C00AE0B78 /* AppDelegate.swift in Sources */,
				A62B99972C00CAAE0018A12C /* TransferLogsTableSectionHeader.swift in Sources */,
				A683234C2B1FE48D003D2F2E /* GoalDetailViewController.swift in Sources */,
				A68C5E052B8EA74100963FD1 /* BreakdownTableCell.swift in Sources */,
				A6ED25232BEFACE5002DE2DC /* UserSetTransferLogDao.swift in Sources */,
				A60E95A42BEB371600711820 /* SelectTargetMonthView.swift in Sources */,
				A68DCFC32BA2825D0035AA23 /* CarryForwardCell.swift in Sources */,
				A61F85CD2BBE1B8A00C43531 /* TransferLog.swift in Sources */,
				A67004432B1C6A1400EC50A4 /* MonthYearPickerTextField.swift in Sources */,
				A673CED62BF9CA2F001E5679 /* UIColor+CustomColors.swift in Sources */,
				A68C5E012B8E9E5E00963FD1 /* Breakdown.swift in Sources */,
				A6ED25282BEFB66E002DE2DC /* EditUserSetTranLogView.swift in Sources */,
				A643F2822B35747900FA453D /* Extensions.swift in Sources */,
				A643F27A2B355AFA00FA453D /* LanguageSelectionViewController.swift in Sources */,
				A6198DDB2B5AD79C00B400BA /* HCollectionPickerViewCell.swift in Sources */,
				A61984CB2B1EA28800A05A69 /* CategoryDao.swift in Sources */,
				A6E96F862B93317C001AD486 /* BankAccountViewController.swift in Sources */,
				A683234E2B1FE95C003D2F2E /* TransactionTableViewCell.swift in Sources */,
				A62B99992C00D0810018A12C /* TransferLogTableCell.swift in Sources */,
				A60BF1B12B19CA7500AE0B78 /* MainTabBarController.swift in Sources */,
				A6F85ADA2B329AD0004B70CD /* LongTermSaving.swift in Sources */,
				A6DF96622B80F8EC00982144 /* GoalItemCell.swift in Sources */,
				A68E39A92BE213210018A505 /* CreateCategoryDialogView.swift in Sources */,
				A60E95A22BE9E16800711820 /* SettingsViewController.swift in Sources */,
				A6752FFA2B5807B600670CA5 /* CreateTransferLogViewController.swift in Sources */,
				A61984CD2B1EA30600A05A69 /* GoalDao.swift in Sources */,
				A68C5DF52B8B80B400963FD1 /* RealmClassCommon.swift in Sources */,
				A6CCFE3E2B22C6BF00A30A0D /* TransactionDao.swift in Sources */,
				A6460F052B936AFA002B07A1 /* UpdateCommon.swift in Sources */,
				A60BF1962B19A06C00AE0B78 /* SceneDelegate.swift in Sources */,
				A692B0E02C09925D00620711 /* BackupAriaView.swift in Sources */,
				A60BF1B52B19CEFD00AE0B78 /* MonthlyViewController.swift in Sources */,
				A68C5E032B8EA01400963FD1 /* BreakdownDao.swift in Sources */,
				A6ED253A2BF205E9002DE2DC /* TranLogSourceGoalCell.swift in Sources */,
				A6ED252A2BF096D8002DE2DC /* DetailLabelTableCell.swift in Sources */,
				A6ED25352BF1C5D4002DE2DC /* GoalAlertSettingViewController.swift in Sources */,
				A60BF1AD2B19A18200AE0B78 /* Transaction.swift in Sources */,
				A62B99912C00BED40018A12C /* TransferLogsDetailView.swift in Sources */,
				A6167CD42C26F03A0099EFA7 /* HamburgerMenuViewController.swift in Sources */,
				A62B998E2BFF36170018A12C /* BreakdownEditorView.swift in Sources */,
				A6487BB42B5183F400CAF47B /* MyUI.swift in Sources */,
				A60BF1B72B19CF3100AE0B78 /* Goal.swift in Sources */,
				A68C5DFD2B8DBFBC00963FD1 /* Formatter.swift in Sources */,
				A6A0D9342B3724D400395E51 /* CategorysSettingViewCell.swift in Sources */,
				A670044E2B1E0DEE00EC50A4 /* PlusOrMinusSwitch.swift in Sources */,
				A6B1D5D92B249DE80076D3BF /* AmountProcessings.swift in Sources */,
				A692B0DE2C09912F00620711 /* SettingAriaView.swift in Sources */,
				A6ED251F2BEF90F2002DE2DC /* SwitchTableCell.swift in Sources */,
				A6DF96642B81976700982144 /* TransactionEditorViewController.swift in Sources */,
				A6A0D9322B37137F00395E51 /* CategorysSettingViewController.swift in Sources */,
				A692B0DA2C08ADAE00620711 /* AlertAriaView.swift in Sources */,
				A6DFB2C12B47B6DD001C167C /* KeyboardScrollView.swift in Sources */,
				A6ED25372BF1D091002DE2DC /* TextFieldCell.swift in Sources */,
				A692B0D72C08586900620711 /* AlertCollectionCell.swift in Sources */,
				A6D659292BAD5C39008029DC /* ShowInfoView.swift in Sources */,
				A68E39A72BE0ED260018A505 /* TransferLogDao.swift in Sources */,
				A6ED251C2BEF859E002DE2DC /* SettingGoalViewController.swift in Sources */,
				A60BF1B32B19CC9200AE0B78 /* DashboardViewController.swift in Sources */,
				A62B99852BFE2C650018A12C /* GoalsView.swift in Sources */,
				A670044B2B1CA23300EC50A4 /* CategoryPickerTextField.swift in Sources */,
				A60E95A62BEE05A600711820 /* DeleteGoalView.swift in Sources */,
				A67004472B1C6A6800EC50A4 /* MonthYearPicker.swift in Sources */,
				A60BF1B92B1B7AED00AE0B78 /* Category.swift in Sources */,
				A643F2852B3674BC00FA453D /* MonthlyDefaultManagementAmountViewController.swift in Sources */,
				A6B1D5D72B2498E70076D3BF /* DateFuncs.swift in Sources */,
				A62B999B2C01CBC50018A12C /* OtherGoalItemCell.swift in Sources */,
				A62B99872BFF07090018A12C /* TotalDetailView.swift in Sources */,
				A6487BB72B51846300CAF47B /* MyProgressBar.swift in Sources */,
				A62B998B2BFF34000018A12C /* TotalTransactionTableCell.swift in Sources */,
				A692B0DC2C08B49D00620711 /* DataAriaView.swift in Sources */,
			);
			runOnlyForDeploymentPostprocessing = 0;
		};
/* End PBXSourcesBuildPhase section */

/* Begin PBXVariantGroup section */
		A60BF1992B19A06C00AE0B78 /* Main.storyboard */ = {
			isa = PBXVariantGroup;
			children = (
				A60BF19A2B19A06C00AE0B78 /* Base */,
				A643F27F2B35742A00FA453D /* ja */,
			);
			name = Main.storyboard;
			sourceTree = "<group>";
		};
		A60BF19E2B19A06F00AE0B78 /* LaunchScreen.storyboard */ = {
			isa = PBXVariantGroup;
			children = (
				A60BF19F2B19A06F00AE0B78 /* Base */,
				A643F2802B35742A00FA453D /* ja */,
			);
			name = LaunchScreen.storyboard;
			sourceTree = "<group>";
		};
		A643F2742B35196000FA453D /* Localizable.strings */ = {
			isa = PBXVariantGroup;
			children = (
				A643F2732B35196000FA453D /* en */,
				A643F2772B351A3900FA453D /* ja */,
			);
			name = Localizable.strings;
			sourceTree = "<group>";
		};
/* End PBXVariantGroup section */

/* Begin XCBuildConfiguration section */
		A60BF1A22B19A06F00AE0B78 /* Debug */ = {
			isa = XCBuildConfiguration;
			buildSettings = {
				ALWAYS_SEARCH_USER_PATHS = NO;
				ASSETCATALOG_COMPILER_GENERATE_SWIFT_ASSET_SYMBOL_EXTENSIONS = YES;
				CLANG_ANALYZER_LOCALIZABILITY_NONLOCALIZED = YES;
				CLANG_ANALYZER_NONNULL = YES;
				CLANG_ANALYZER_NUMBER_OBJECT_CONVERSION = YES_AGGRESSIVE;
				CLANG_CXX_LANGUAGE_STANDARD = "gnu++20";
				CLANG_ENABLE_MODULES = YES;
				CLANG_ENABLE_OBJC_ARC = YES;
				CLANG_ENABLE_OBJC_WEAK = YES;
				CLANG_WARN_BLOCK_CAPTURE_AUTORELEASING = YES;
				CLANG_WARN_BOOL_CONVERSION = YES;
				CLANG_WARN_COMMA = YES;
				CLANG_WARN_CONSTANT_CONVERSION = YES;
				CLANG_WARN_DEPRECATED_OBJC_IMPLEMENTATIONS = YES;
				CLANG_WARN_DIRECT_OBJC_ISA_USAGE = YES_ERROR;
				CLANG_WARN_DOCUMENTATION_COMMENTS = YES;
				CLANG_WARN_EMPTY_BODY = YES;
				CLANG_WARN_ENUM_CONVERSION = YES;
				CLANG_WARN_INFINITE_RECURSION = YES;
				CLANG_WARN_INT_CONVERSION = YES;
				CLANG_WARN_NON_LITERAL_NULL_CONVERSION = YES;
				CLANG_WARN_OBJC_IMPLICIT_RETAIN_SELF = YES;
				CLANG_WARN_OBJC_LITERAL_CONVERSION = YES;
				CLANG_WARN_OBJC_ROOT_CLASS = YES_ERROR;
				CLANG_WARN_QUOTED_INCLUDE_IN_FRAMEWORK_HEADER = YES;
				CLANG_WARN_RANGE_LOOP_ANALYSIS = YES;
				CLANG_WARN_STRICT_PROTOTYPES = YES;
				CLANG_WARN_SUSPICIOUS_MOVE = YES;
				CLANG_WARN_UNGUARDED_AVAILABILITY = YES_AGGRESSIVE;
				CLANG_WARN_UNREACHABLE_CODE = YES;
				CLANG_WARN__DUPLICATE_METHOD_MATCH = YES;
				COPY_PHASE_STRIP = NO;
				DEBUG_INFORMATION_FORMAT = dwarf;
				ENABLE_STRICT_OBJC_MSGSEND = YES;
				ENABLE_TESTABILITY = YES;
				ENABLE_USER_SCRIPT_SANDBOXING = NO;
				GCC_C_LANGUAGE_STANDARD = gnu17;
				GCC_DYNAMIC_NO_PIC = NO;
				GCC_NO_COMMON_BLOCKS = YES;
				GCC_OPTIMIZATION_LEVEL = 0;
				GCC_PREPROCESSOR_DEFINITIONS = (
					"DEBUG=1",
					"$(inherited)",
				);
				GCC_WARN_64_TO_32_BIT_CONVERSION = YES;
				GCC_WARN_ABOUT_RETURN_TYPE = YES_ERROR;
				GCC_WARN_UNDECLARED_SELECTOR = YES;
				GCC_WARN_UNINITIALIZED_AUTOS = YES_AGGRESSIVE;
				GCC_WARN_UNUSED_FUNCTION = YES;
				GCC_WARN_UNUSED_VARIABLE = YES;
				IPHONEOS_DEPLOYMENT_TARGET = 17.0;
				LOCALIZATION_PREFERS_STRING_CATALOGS = YES;
				MTL_ENABLE_DEBUG_INFO = INCLUDE_SOURCE;
				MTL_FAST_MATH = YES;
				ONLY_ACTIVE_ARCH = YES;
				SDKROOT = iphoneos;
				SWIFT_ACTIVE_COMPILATION_CONDITIONS = "DEBUG $(inherited)";
				SWIFT_OPTIMIZATION_LEVEL = "-Onone";
			};
			name = Debug;
		};
		A60BF1A32B19A06F00AE0B78 /* Release */ = {
			isa = XCBuildConfiguration;
			buildSettings = {
				ALWAYS_SEARCH_USER_PATHS = NO;
				ASSETCATALOG_COMPILER_GENERATE_SWIFT_ASSET_SYMBOL_EXTENSIONS = YES;
				CLANG_ANALYZER_LOCALIZABILITY_NONLOCALIZED = YES;
				CLANG_ANALYZER_NONNULL = YES;
				CLANG_ANALYZER_NUMBER_OBJECT_CONVERSION = YES_AGGRESSIVE;
				CLANG_CXX_LANGUAGE_STANDARD = "gnu++20";
				CLANG_ENABLE_MODULES = YES;
				CLANG_ENABLE_OBJC_ARC = YES;
				CLANG_ENABLE_OBJC_WEAK = YES;
				CLANG_WARN_BLOCK_CAPTURE_AUTORELEASING = YES;
				CLANG_WARN_BOOL_CONVERSION = YES;
				CLANG_WARN_COMMA = YES;
				CLANG_WARN_CONSTANT_CONVERSION = YES;
				CLANG_WARN_DEPRECATED_OBJC_IMPLEMENTATIONS = YES;
				CLANG_WARN_DIRECT_OBJC_ISA_USAGE = YES_ERROR;
				CLANG_WARN_DOCUMENTATION_COMMENTS = YES;
				CLANG_WARN_EMPTY_BODY = YES;
				CLANG_WARN_ENUM_CONVERSION = YES;
				CLANG_WARN_INFINITE_RECURSION = YES;
				CLANG_WARN_INT_CONVERSION = YES;
				CLANG_WARN_NON_LITERAL_NULL_CONVERSION = YES;
				CLANG_WARN_OBJC_IMPLICIT_RETAIN_SELF = YES;
				CLANG_WARN_OBJC_LITERAL_CONVERSION = YES;
				CLANG_WARN_OBJC_ROOT_CLASS = YES_ERROR;
				CLANG_WARN_QUOTED_INCLUDE_IN_FRAMEWORK_HEADER = YES;
				CLANG_WARN_RANGE_LOOP_ANALYSIS = YES;
				CLANG_WARN_STRICT_PROTOTYPES = YES;
				CLANG_WARN_SUSPICIOUS_MOVE = YES;
				CLANG_WARN_UNGUARDED_AVAILABILITY = YES_AGGRESSIVE;
				CLANG_WARN_UNREACHABLE_CODE = YES;
				CLANG_WARN__DUPLICATE_METHOD_MATCH = YES;
				COPY_PHASE_STRIP = NO;
				DEBUG_INFORMATION_FORMAT = "dwarf-with-dsym";
				ENABLE_NS_ASSERTIONS = NO;
				ENABLE_STRICT_OBJC_MSGSEND = YES;
				ENABLE_USER_SCRIPT_SANDBOXING = NO;
				GCC_C_LANGUAGE_STANDARD = gnu17;
				GCC_NO_COMMON_BLOCKS = YES;
				GCC_WARN_64_TO_32_BIT_CONVERSION = YES;
				GCC_WARN_ABOUT_RETURN_TYPE = YES_ERROR;
				GCC_WARN_UNDECLARED_SELECTOR = YES;
				GCC_WARN_UNINITIALIZED_AUTOS = YES_AGGRESSIVE;
				GCC_WARN_UNUSED_FUNCTION = YES;
				GCC_WARN_UNUSED_VARIABLE = YES;
				IPHONEOS_DEPLOYMENT_TARGET = 17.0;
				LOCALIZATION_PREFERS_STRING_CATALOGS = YES;
				MTL_ENABLE_DEBUG_INFO = NO;
				MTL_FAST_MATH = YES;
				ONLY_ACTIVE_ARCH = YES;
				SDKROOT = iphoneos;
				SWIFT_COMPILATION_MODE = wholemodule;
				VALIDATE_PRODUCT = YES;
			};
			name = Release;
		};
		A60BF1A52B19A06F00AE0B78 /* Debug */ = {
			isa = XCBuildConfiguration;
			baseConfigurationReference = B166A2CDBDD2BEA3F7FD734D /* Pods-BudgetBuddy.debug.xcconfig */;
			buildSettings = {
				ASSETCATALOG_COMPILER_APPICON_NAME = AppIcon;
				ASSETCATALOG_COMPILER_GLOBAL_ACCENT_COLOR_NAME = AccentColor;
				CODE_SIGN_STYLE = Automatic;
				CURRENT_PROJECT_VERSION = 1;
				DEVELOPMENT_TEAM = 9D2PA2YM6R;
				GENERATE_INFOPLIST_FILE = YES;
				INFOPLIST_FILE = BudgetBuddy/Info.plist;
				INFOPLIST_KEY_UIApplicationSupportsIndirectInputEvents = YES;
				INFOPLIST_KEY_UILaunchStoryboardName = LaunchScreen;
				INFOPLIST_KEY_UIMainStoryboardFile = Main;
				INFOPLIST_KEY_UIStatusBarStyle = UIStatusBarStyleLightContent;
				INFOPLIST_KEY_UISupportedInterfaceOrientations_iPad = "UIInterfaceOrientationPortrait UIInterfaceOrientationPortraitUpsideDown UIInterfaceOrientationLandscapeLeft UIInterfaceOrientationLandscapeRight";
				INFOPLIST_KEY_UISupportedInterfaceOrientations_iPhone = "UIInterfaceOrientationPortrait UIInterfaceOrientationLandscapeLeft UIInterfaceOrientationLandscapeRight";
				IPHONEOS_DEPLOYMENT_TARGET = 17.2;
				LD_RUNPATH_SEARCH_PATHS = (
					"$(inherited)",
					"@executable_path/Frameworks",
				);
				MARKETING_VERSION = 1.0;
				PRODUCT_BUNDLE_IDENTIFIER = saken.BudgetBuddy;
				PRODUCT_NAME = "$(TARGET_NAME)";
				SWIFT_EMIT_LOC_STRINGS = YES;
				SWIFT_VERSION = 5.0;
				TARGETED_DEVICE_FAMILY = "1,2";
			};
			name = Debug;
		};
		A60BF1A62B19A06F00AE0B78 /* Release */ = {
			isa = XCBuildConfiguration;
			baseConfigurationReference = 6BBFE8B7AFEB710349FF6DDB /* Pods-BudgetBuddy.release.xcconfig */;
			buildSettings = {
				ASSETCATALOG_COMPILER_APPICON_NAME = AppIcon;
				ASSETCATALOG_COMPILER_GLOBAL_ACCENT_COLOR_NAME = AccentColor;
				CODE_SIGN_STYLE = Automatic;
				CURRENT_PROJECT_VERSION = 1;
				DEVELOPMENT_TEAM = 9D2PA2YM6R;
				GENERATE_INFOPLIST_FILE = YES;
				INFOPLIST_FILE = BudgetBuddy/Info.plist;
				INFOPLIST_KEY_UIApplicationSupportsIndirectInputEvents = YES;
				INFOPLIST_KEY_UILaunchStoryboardName = LaunchScreen;
				INFOPLIST_KEY_UIMainStoryboardFile = Main;
				INFOPLIST_KEY_UIStatusBarStyle = UIStatusBarStyleLightContent;
				INFOPLIST_KEY_UISupportedInterfaceOrientations_iPad = "UIInterfaceOrientationPortrait UIInterfaceOrientationPortraitUpsideDown UIInterfaceOrientationLandscapeLeft UIInterfaceOrientationLandscapeRight";
				INFOPLIST_KEY_UISupportedInterfaceOrientations_iPhone = "UIInterfaceOrientationPortrait UIInterfaceOrientationLandscapeLeft UIInterfaceOrientationLandscapeRight";
				IPHONEOS_DEPLOYMENT_TARGET = 17.2;
				LD_RUNPATH_SEARCH_PATHS = (
					"$(inherited)",
					"@executable_path/Frameworks",
				);
				MARKETING_VERSION = 1.0;
				PRODUCT_BUNDLE_IDENTIFIER = saken.BudgetBuddy;
				PRODUCT_NAME = "$(TARGET_NAME)";
				SWIFT_EMIT_LOC_STRINGS = YES;
				SWIFT_VERSION = 5.0;
				TARGETED_DEVICE_FAMILY = "1,2";
			};
			name = Release;
		};
/* End XCBuildConfiguration section */

/* Begin XCConfigurationList section */
		A60BF18B2B19A06C00AE0B78 /* Build configuration list for PBXProject "BudgetBuddy" */ = {
			isa = XCConfigurationList;
			buildConfigurations = (
				A60BF1A22B19A06F00AE0B78 /* Debug */,
				A60BF1A32B19A06F00AE0B78 /* Release */,
			);
			defaultConfigurationIsVisible = 0;
			defaultConfigurationName = Release;
		};
		A60BF1A42B19A06F00AE0B78 /* Build configuration list for PBXNativeTarget "BudgetBuddy" */ = {
			isa = XCConfigurationList;
			buildConfigurations = (
				A60BF1A52B19A06F00AE0B78 /* Debug */,
				A60BF1A62B19A06F00AE0B78 /* Release */,
			);
			defaultConfigurationIsVisible = 0;
			defaultConfigurationName = Release;
		};
/* End XCConfigurationList section */
	};
	rootObject = A60BF1882B19A06C00AE0B78 /* Project object */;
}
